// !$*UTF8*$!
{
	archiveVersion = 1;
	classes = {
	};
	objectVersion = 55;
	objects = {

/* Begin PBXBuildFile section */
		5B00FE6B28B8F90900C6F71D /* JobCell.swift in Sources */ = {isa = PBXBuildFile; fileRef = 5B00FE6A28B8F90900C6F71D /* JobCell.swift */; };
		5BE61B5C289BEF1B00E52564 /* AppDelegate.swift in Sources */ = {isa = PBXBuildFile; fileRef = 5BE61B5B289BEF1B00E52564 /* AppDelegate.swift */; };
		5BE61B5E289BEF1B00E52564 /* SceneDelegate.swift in Sources */ = {isa = PBXBuildFile; fileRef = 5BE61B5D289BEF1B00E52564 /* SceneDelegate.swift */; };
		5BE61B60289BEF1B00E52564 /* HomeViewController.swift in Sources */ = {isa = PBXBuildFile; fileRef = 5BE61B5F289BEF1B00E52564 /* HomeViewController.swift */; };
		5BE61B63289BEF1B00E52564 /* Main.storyboard in Resources */ = {isa = PBXBuildFile; fileRef = 5BE61B61289BEF1B00E52564 /* Main.storyboard */; };
		5BE61B65289BEF1D00E52564 /* Assets.xcassets in Resources */ = {isa = PBXBuildFile; fileRef = 5BE61B64289BEF1D00E52564 /* Assets.xcassets */; };
		5BE61B68289BEF1D00E52564 /* LaunchScreen.storyboard in Resources */ = {isa = PBXBuildFile; fileRef = 5BE61B66289BEF1D00E52564 /* LaunchScreen.storyboard */; };
		5BE9BC6D28EF11B20017B000 /* Textfield.swift in Sources */ = {isa = PBXBuildFile; fileRef = 5BE9BC6C28EF11B20017B000 /* Textfield.swift */; };
		5BE9BC6F28EF11F50017B000 /* TextView.swift in Sources */ = {isa = PBXBuildFile; fileRef = 5BE9BC6E28EF11F50017B000 /* TextView.swift */; };
		5BE9BC7128EF12280017B000 /* PopUpButton.swift in Sources */ = {isa = PBXBuildFile; fileRef = 5BE9BC7028EF12280017B000 /* PopUpButton.swift */; };
		5BE9BC7328EF12550017B000 /* StatusLabel.swift in Sources */ = {isa = PBXBuildFile; fileRef = 5BE9BC7228EF12550017B000 /* StatusLabel.swift */; };
		5BE9BC7528EF12780017B000 /* DeleteButton.swift in Sources */ = {isa = PBXBuildFile; fileRef = 5BE9BC7428EF12780017B000 /* DeleteButton.swift */; };
		5BE9BC7728EF143A0017B000 /* AddNewJobViewController.swift in Sources */ = {isa = PBXBuildFile; fileRef = 5BE9BC7628EF143A0017B000 /* AddNewJobViewController.swift */; };
		5BE9BC7928EF14930017B000 /* JobDetailViewController.swift in Sources */ = {isa = PBXBuildFile; fileRef = 5BE9BC7828EF14930017B000 /* JobDetailViewController.swift */; };
		5BE9BC7B28EF15050017B000 /* CoreDataManager.swift in Sources */ = {isa = PBXBuildFile; fileRef = 5BE9BC7A28EF15050017B000 /* CoreDataManager.swift */; };
		5BE9BC7E28EF154B0017B000 /* JobApplicationTrackerModel.xcdatamodeld in Sources */ = {isa = PBXBuildFile; fileRef = 5BE9BC7C28EF154B0017B000 /* JobApplicationTrackerModel.xcdatamodeld */; };
/* End PBXBuildFile section */

/* Begin PBXFileReference section */
		5B00FE6A28B8F90900C6F71D /* JobCell.swift */ = {isa = PBXFileReference; lastKnownFileType = sourcecode.swift; path = JobCell.swift; sourceTree = "<group>"; };
		5BE61B58289BEF1B00E52564 /* JobApplicationTracker.app */ = {isa = PBXFileReference; explicitFileType = wrapper.application; includeInIndex = 0; path = JobApplicationTracker.app; sourceTree = BUILT_PRODUCTS_DIR; };
		5BE61B5B289BEF1B00E52564 /* AppDelegate.swift */ = {isa = PBXFileReference; lastKnownFileType = sourcecode.swift; path = AppDelegate.swift; sourceTree = "<group>"; };
		5BE61B5D289BEF1B00E52564 /* SceneDelegate.swift */ = {isa = PBXFileReference; lastKnownFileType = sourcecode.swift; path = SceneDelegate.swift; sourceTree = "<group>"; };
		5BE61B5F289BEF1B00E52564 /* HomeViewController.swift */ = {isa = PBXFileReference; lastKnownFileType = sourcecode.swift; path = HomeViewController.swift; sourceTree = "<group>"; };
		5BE61B62289BEF1B00E52564 /* Base */ = {isa = PBXFileReference; lastKnownFileType = file.storyboard; name = Base; path = Base.lproj/Main.storyboard; sourceTree = "<group>"; };
		5BE61B64289BEF1D00E52564 /* Assets.xcassets */ = {isa = PBXFileReference; lastKnownFileType = folder.assetcatalog; path = Assets.xcassets; sourceTree = "<group>"; };
		5BE61B67289BEF1D00E52564 /* Base */ = {isa = PBXFileReference; lastKnownFileType = file.storyboard; name = Base; path = Base.lproj/LaunchScreen.storyboard; sourceTree = "<group>"; };
		5BE61B69289BEF1D00E52564 /* Info.plist */ = {isa = PBXFileReference; lastKnownFileType = text.plist.xml; path = Info.plist; sourceTree = "<group>"; };
		5BE9BC6C28EF11B20017B000 /* Textfield.swift */ = {isa = PBXFileReference; lastKnownFileType = sourcecode.swift; path = Textfield.swift; sourceTree = "<group>"; };
		5BE9BC6E28EF11F50017B000 /* TextView.swift */ = {isa = PBXFileReference; lastKnownFileType = sourcecode.swift; path = TextView.swift; sourceTree = "<group>"; };
		5BE9BC7028EF12280017B000 /* PopUpButton.swift */ = {isa = PBXFileReference; lastKnownFileType = sourcecode.swift; path = PopUpButton.swift; sourceTree = "<group>"; };
		5BE9BC7228EF12550017B000 /* StatusLabel.swift */ = {isa = PBXFileReference; lastKnownFileType = sourcecode.swift; path = StatusLabel.swift; sourceTree = "<group>"; };
		5BE9BC7428EF12780017B000 /* DeleteButton.swift */ = {isa = PBXFileReference; lastKnownFileType = sourcecode.swift; path = DeleteButton.swift; sourceTree = "<group>"; };
		5BE9BC7628EF143A0017B000 /* AddNewJobViewController.swift */ = {isa = PBXFileReference; lastKnownFileType = sourcecode.swift; path = AddNewJobViewController.swift; sourceTree = "<group>"; };
		5BE9BC7828EF14930017B000 /* JobDetailViewController.swift */ = {isa = PBXFileReference; lastKnownFileType = sourcecode.swift; path = JobDetailViewController.swift; sourceTree = "<group>"; };
		5BE9BC7A28EF15050017B000 /* CoreDataManager.swift */ = {isa = PBXFileReference; lastKnownFileType = sourcecode.swift; path = CoreDataManager.swift; sourceTree = "<group>"; };
		5BE9BC7D28EF154B0017B000 /* JobApplicationTrackerModel.xcdatamodel */ = {isa = PBXFileReference; lastKnownFileType = wrapper.xcdatamodel; path = JobApplicationTrackerModel.xcdatamodel; sourceTree = "<group>"; };
/* End PBXFileReference section */

/* Begin PBXFrameworksBuildPhase section */
		5BE61B55289BEF1B00E52564 /* Frameworks */ = {
			isa = PBXFrameworksBuildPhase;
			buildActionMask = 2147483647;
			files = (
			);
			runOnlyForDeploymentPostprocessing = 0;
		};
/* End PBXFrameworksBuildPhase section */

/* Begin PBXGroup section */
		5BE61B4F289BEF1B00E52564 = {
			isa = PBXGroup;
			children = (
				5BE61B5A289BEF1B00E52564 /* JobApplicationTracker */,
				5BE61B59289BEF1B00E52564 /* Products */,
			);
			sourceTree = "<group>";
		};
		5BE61B59289BEF1B00E52564 /* Products */ = {
			isa = PBXGroup;
			children = (
				5BE61B58289BEF1B00E52564 /* JobApplicationTracker.app */,
			);
			name = Products;
			sourceTree = "<group>";
		};
		5BE61B5A289BEF1B00E52564 /* JobApplicationTracker */ = {
			isa = PBXGroup;
			children = (
				5BE61B5B289BEF1B00E52564 /* AppDelegate.swift */,
				5BE61B5D289BEF1B00E52564 /* SceneDelegate.swift */,
				5BE9BC7F28EF160D0017B000 /* Views */,
				5BE9BC8028EF16170017B000 /* ViewControllers */,
				5BE9BC8128EF16210017B000 /* CoreData */,
				5BE61B64289BEF1D00E52564 /* Assets.xcassets */,
				5BE61B66289BEF1D00E52564 /* LaunchScreen.storyboard */,
				5BE61B69289BEF1D00E52564 /* Info.plist */,
			);
			path = JobApplicationTracker;
			sourceTree = "<group>";
		};
		5BE9BC7F28EF160D0017B000 /* Views */ = {
			isa = PBXGroup;
			children = (
				5B00FE6A28B8F90900C6F71D /* JobCell.swift */,
				5BE61B61289BEF1B00E52564 /* Main.storyboard */,
				5BE9BC6C28EF11B20017B000 /* Textfield.swift */,
				5BE9BC6E28EF11F50017B000 /* TextView.swift */,
				5BE9BC7028EF12280017B000 /* PopUpButton.swift */,
				5BE9BC7228EF12550017B000 /* StatusLabel.swift */,
				5BE9BC7428EF12780017B000 /* DeleteButton.swift */,
			);
			path = Views;
			sourceTree = "<group>";
		};
		5BE9BC8028EF16170017B000 /* ViewControllers */ = {
			isa = PBXGroup;
			children = (
				5BE61B5F289BEF1B00E52564 /* HomeViewController.swift */,
				5BE9BC7628EF143A0017B000 /* AddNewJobViewController.swift */,
				5BE9BC7828EF14930017B000 /* JobDetailViewController.swift */,
			);
			path = ViewControllers;
			sourceTree = "<group>";
		};
		5BE9BC8128EF16210017B000 /* CoreData */ = {
			isa = PBXGroup;
			children = (
				5BE9BC7C28EF154B0017B000 /* JobApplicationTrackerModel.xcdatamodeld */,
				5BE9BC7A28EF15050017B000 /* CoreDataManager.swift */,
			);
			path = CoreData;
			sourceTree = "<group>";
		};
/* End PBXGroup section */

/* Begin PBXNativeTarget section */
		5BE61B57289BEF1B00E52564 /* JobApplicationTracker */ = {
			isa = PBXNativeTarget;
			buildConfigurationList = 5BE61B6C289BEF1D00E52564 /* Build configuration list for PBXNativeTarget "JobApplicationTracker" */;
			buildPhases = (
				5BE61B54289BEF1B00E52564 /* Sources */,
				5BE61B55289BEF1B00E52564 /* Frameworks */,
				5BE61B56289BEF1B00E52564 /* Resources */,
			);
			buildRules = (
			);
			dependencies = (
			);
			name = JobApplicationTracker;
			productName = JobApplicationTracker;
			productReference = 5BE61B58289BEF1B00E52564 /* JobApplicationTracker.app */;
			productType = "com.apple.product-type.application";
		};
/* End PBXNativeTarget section */

/* Begin PBXProject section */
		5BE61B50289BEF1B00E52564 /* Project object */ = {
			isa = PBXProject;
			attributes = {
				BuildIndependentTargetsInParallel = 1;
				LastSwiftUpdateCheck = 1320;
				LastUpgradeCheck = 1320;
				TargetAttributes = {
					5BE61B57289BEF1B00E52564 = {
						CreatedOnToolsVersion = 13.2.1;
					};
				};
			};
			buildConfigurationList = 5BE61B53289BEF1B00E52564 /* Build configuration list for PBXProject "JobApplicationTracker" */;
			compatibilityVersion = "Xcode 13.0";
			developmentRegion = en;
			hasScannedForEncodings = 0;
			knownRegions = (
				en,
				Base,
			);
			mainGroup = 5BE61B4F289BEF1B00E52564;
			productRefGroup = 5BE61B59289BEF1B00E52564 /* Products */;
			projectDirPath = "";
			projectRoot = "";
			targets = (
				5BE61B57289BEF1B00E52564 /* JobApplicationTracker */,
			);
		};
/* End PBXProject section */

/* Begin PBXResourcesBuildPhase section */
		5BE61B56289BEF1B00E52564 /* Resources */ = {
			isa = PBXResourcesBuildPhase;
			buildActionMask = 2147483647;
			files = (
				5BE61B68289BEF1D00E52564 /* LaunchScreen.storyboard in Resources */,
				5BE61B65289BEF1D00E52564 /* Assets.xcassets in Resources */,
				5BE61B63289BEF1B00E52564 /* Main.storyboard in Resources */,
			);
			runOnlyForDeploymentPostprocessing = 0;
		};
/* End PBXResourcesBuildPhase section */

/* Begin PBXSourcesBuildPhase section */
		5BE61B54289BEF1B00E52564 /* Sources */ = {
			isa = PBXSourcesBuildPhase;
			buildActionMask = 2147483647;
			files = (
				5BE61B60289BEF1B00E52564 /* HomeViewController.swift in Sources */,
				5BE9BC7928EF14930017B000 /* JobDetailViewController.swift in Sources */,
				5BE9BC7328EF12550017B000 /* StatusLabel.swift in Sources */,
				5BE9BC6D28EF11B20017B000 /* Textfield.swift in Sources */,
				5B00FE6B28B8F90900C6F71D /* JobCell.swift in Sources */,
				5BE9BC7528EF12780017B000 /* DeleteButton.swift in Sources */,
				5BE9BC6F28EF11F50017B000 /* TextView.swift in Sources */,
				5BE9BC7B28EF15050017B000 /* CoreDataManager.swift in Sources */,
				5BE9BC7128EF12280017B000 /* PopUpButton.swift in Sources */,
				5BE61B5C289BEF1B00E52564 /* AppDelegate.swift in Sources */,
				5BE61B5E289BEF1B00E52564 /* SceneDelegate.swift in Sources */,
				5BE9BC7E28EF154B0017B000 /* JobApplicationTrackerModel.xcdatamodeld in Sources */,
				5BE9BC7728EF143A0017B000 /* AddNewJobViewController.swift in Sources */,
			);
			runOnlyForDeploymentPostprocessing = 0;
		};
/* End PBXSourcesBuildPhase section */

/* Begin PBXVariantGroup section */
		5BE61B61289BEF1B00E52564 /* Main.storyboard */ = {
			isa = PBXVariantGroup;
			children = (
				5BE61B62289BEF1B00E52564 /* Base */,
			);
			name = Main.storyboard;
			sourceTree = "<group>";
		};
		5BE61B66289BEF1D00E52564 /* LaunchScreen.storyboard */ = {
			isa = PBXVariantGroup;
			children = (
				5BE61B67289BEF1D00E52564 /* Base */,
			);
			name = LaunchScreen.storyboard;
			sourceTree = "<group>";
		};
/* End PBXVariantGroup section */

/* Begin XCBuildConfiguration section */
		5BE61B6A289BEF1D00E52564 /* Debug */ = {
			isa = XCBuildConfiguration;
			buildSettings = {
				ALWAYS_SEARCH_USER_PATHS = NO;
				CLANG_ANALYZER_NONNULL = YES;
				CLANG_ANALYZER_NUMBER_OBJECT_CONVERSION = YES_AGGRESSIVE;
				CLANG_CXX_LANGUAGE_STANDARD = "gnu++17";
				CLANG_CXX_LIBRARY = "libc++";
				CLANG_ENABLE_MODULES = YES;
				CLANG_ENABLE_OBJC_ARC = YES;
				CLANG_ENABLE_OBJC_WEAK = YES;
				CLANG_WARN_BLOCK_CAPTURE_AUTORELEASING = YES;
				CLANG_WARN_BOOL_CONVERSION = YES;
				CLANG_WARN_COMMA = YES;
				CLANG_WARN_CONSTANT_CONVERSION = YES;
				CLANG_WARN_DEPRECATED_OBJC_IMPLEMENTATIONS = YES;
				CLANG_WARN_DIRECT_OBJC_ISA_USAGE = YES_ERROR;
				CLANG_WARN_DOCUMENTATION_COMMENTS = YES;
				CLANG_WARN_EMPTY_BODY = YES;
				CLANG_WARN_ENUM_CONVERSION = YES;
				CLANG_WARN_INFINITE_RECURSION = YES;
				CLANG_WARN_INT_CONVERSION = YES;
				CLANG_WARN_NON_LITERAL_NULL_CONVERSION = YES;
				CLANG_WARN_OBJC_IMPLICIT_RETAIN_SELF = YES;
				CLANG_WARN_OBJC_LITERAL_CONVERSION = YES;
				CLANG_WARN_OBJC_ROOT_CLASS = YES_ERROR;
				CLANG_WARN_QUOTED_INCLUDE_IN_FRAMEWORK_HEADER = YES;
				CLANG_WARN_RANGE_LOOP_ANALYSIS = YES;
				CLANG_WARN_STRICT_PROTOTYPES = YES;
				CLANG_WARN_SUSPICIOUS_MOVE = YES;
				CLANG_WARN_UNGUARDED_AVAILABILITY = YES_AGGRESSIVE;
				CLANG_WARN_UNREACHABLE_CODE = YES;
				CLANG_WARN__DUPLICATE_METHOD_MATCH = YES;
				COPY_PHASE_STRIP = NO;
				DEBUG_INFORMATION_FORMAT = dwarf;
				ENABLE_STRICT_OBJC_MSGSEND = YES;
				ENABLE_TESTABILITY = YES;
				GCC_C_LANGUAGE_STANDARD = gnu11;
				GCC_DYNAMIC_NO_PIC = NO;
				GCC_NO_COMMON_BLOCKS = YES;
				GCC_OPTIMIZATION_LEVEL = 0;
				GCC_PREPROCESSOR_DEFINITIONS = (
					"DEBUG=1",
					"$(inherited)",
				);
				GCC_WARN_64_TO_32_BIT_CONVERSION = YES;
				GCC_WARN_ABOUT_RETURN_TYPE = YES_ERROR;
				GCC_WARN_UNDECLARED_SELECTOR = YES;
				GCC_WARN_UNINITIALIZED_AUTOS = YES_AGGRESSIVE;
				GCC_WARN_UNUSED_FUNCTION = YES;
				GCC_WARN_UNUSED_VARIABLE = YES;
				IPHONEOS_DEPLOYMENT_TARGET = 15.2;
				MTL_ENABLE_DEBUG_INFO = INCLUDE_SOURCE;
				MTL_FAST_MATH = YES;
				ONLY_ACTIVE_ARCH = YES;
				SDKROOT = iphoneos;
				SWIFT_ACTIVE_COMPILATION_CONDITIONS = DEBUG;
				SWIFT_OPTIMIZATION_LEVEL = "-Onone";
			};
			name = Debug;
		};
		5BE61B6B289BEF1D00E52564 /* Release */ = {
			isa = XCBuildConfiguration;
			buildSettings = {
				ALWAYS_SEARCH_USER_PATHS = NO;
				CLANG_ANALYZER_NONNULL = YES;
				CLANG_ANALYZER_NUMBER_OBJECT_CONVERSION = YES_AGGRESSIVE;
				CLANG_CXX_LANGUAGE_STANDARD = "gnu++17";
				CLANG_CXX_LIBRARY = "libc++";
				CLANG_ENABLE_MODULES = YES;
				CLANG_ENABLE_OBJC_ARC = YES;
				CLANG_ENABLE_OBJC_WEAK = YES;
				CLANG_WARN_BLOCK_CAPTURE_AUTORELEASING = YES;
				CLANG_WARN_BOOL_CONVERSION = YES;
				CLANG_WARN_COMMA = YES;
				CLANG_WARN_CONSTANT_CONVERSION = YES;
				CLANG_WARN_DEPRECATED_OBJC_IMPLEMENTATIONS = YES;
				CLANG_WARN_DIRECT_OBJC_ISA_USAGE = YES_ERROR;
				CLANG_WARN_DOCUMENTATION_COMMENTS = YES;
				CLANG_WARN_EMPTY_BODY = YES;
				CLANG_WARN_ENUM_CONVERSION = YES;
				CLANG_WARN_INFINITE_RECURSION = YES;
				CLANG_WARN_INT_CONVERSION = YES;
				CLANG_WARN_NON_LITERAL_NULL_CONVERSION = YES;
				CLANG_WARN_OBJC_IMPLICIT_RETAIN_SELF = YES;
				CLANG_WARN_OBJC_LITERAL_CONVERSION = YES;
				CLANG_WARN_OBJC_ROOT_CLASS = YES_ERROR;
				CLANG_WARN_QUOTED_INCLUDE_IN_FRAMEWORK_HEADER = YES;
				CLANG_WARN_RANGE_LOOP_ANALYSIS = YES;
				CLANG_WARN_STRICT_PROTOTYPES = YES;
				CLANG_WARN_SUSPICIOUS_MOVE = YES;
				CLANG_WARN_UNGUARDED_AVAILABILITY = YES_AGGRESSIVE;
				CLANG_WARN_UNREACHABLE_CODE = YES;
				CLANG_WARN__DUPLICATE_METHOD_MATCH = YES;
				COPY_PHASE_STRIP = NO;
				DEBUG_INFORMATION_FORMAT = "dwarf-with-dsym";
				ENABLE_NS_ASSERTIONS = NO;
				ENABLE_STRICT_OBJC_MSGSEND = YES;
				GCC_C_LANGUAGE_STANDARD = gnu11;
				GCC_NO_COMMON_BLOCKS = YES;
				GCC_WARN_64_TO_32_BIT_CONVERSION = YES;
				GCC_WARN_ABOUT_RETURN_TYPE = YES_ERROR;
				GCC_WARN_UNDECLARED_SELECTOR = YES;
				GCC_WARN_UNINITIALIZED_AUTOS = YES_AGGRESSIVE;
				GCC_WARN_UNUSED_FUNCTION = YES;
				GCC_WARN_UNUSED_VARIABLE = YES;
				IPHONEOS_DEPLOYMENT_TARGET = 15.2;
				MTL_ENABLE_DEBUG_INFO = NO;
				MTL_FAST_MATH = YES;
				SDKROOT = iphoneos;
				SWIFT_COMPILATION_MODE = wholemodule;
				SWIFT_OPTIMIZATION_LEVEL = "-O";
				VALIDATE_PRODUCT = YES;
			};
			name = Release;
		};
		5BE61B6D289BEF1D00E52564 /* Debug */ = {
			isa = XCBuildConfiguration;
			buildSettings = {
				ASSETCATALOG_COMPILER_APPICON_NAME = AppIcon;
				ASSETCATALOG_COMPILER_GLOBAL_ACCENT_COLOR_NAME = AccentColor;
				CODE_SIGN_STYLE = Automatic;
				CURRENT_PROJECT_VERSION = 1;
				GENERATE_INFOPLIST_FILE = YES;
				INFOPLIST_FILE = JobApplicationTracker/Info.plist;
				INFOPLIST_KEY_UIApplicationSupportsIndirectInputEvents = YES;
				INFOPLIST_KEY_UILaunchStoryboardName = LaunchScreen;
				INFOPLIST_KEY_UIMainStoryboardFile = Main;
				INFOPLIST_KEY_UISupportedInterfaceOrientations = UIInterfaceOrientationPortrait;
				INFOPLIST_KEY_UISupportedInterfaceOrientations_iPad = "UIInterfaceOrientationPortrait UIInterfaceOrientationPortraitUpsideDown UIInterfaceOrientationLandscapeLeft UIInterfaceOrientationLandscapeRight";
				INFOPLIST_KEY_UISupportedInterfaceOrientations_iPhone = "UIInterfaceOrientationPortrait UIInterfaceOrientationLandscapeLeft UIInterfaceOrientationLandscapeRight";
				LD_RUNPATH_SEARCH_PATHS = (
					"$(inherited)",
					"@executable_path/Frameworks",
				);
				MARKETING_VERSION = 1.0;
				PRODUCT_BUNDLE_IDENTIFIER = com.StevenHill.JobApplicationTracker;
				PRODUCT_NAME = "$(TARGET_NAME)";
				SWIFT_EMIT_LOC_STRINGS = YES;
				SWIFT_VERSION = 5.0;
				TARGETED_DEVICE_FAMILY = "1,2";
			};
			name = Debug;
		};
		5BE61B6E289BEF1D00E52564 /* Release */ = {
			isa = XCBuildConfiguration;
			buildSettings = {
				ASSETCATALOG_COMPILER_APPICON_NAME = AppIcon;
				ASSETCATALOG_COMPILER_GLOBAL_ACCENT_COLOR_NAME = AccentColor;
				CODE_SIGN_STYLE = Automatic;
				CURRENT_PROJECT_VERSION = 1;
				GENERATE_INFOPLIST_FILE = YES;
				INFOPLIST_FILE = JobApplicationTracker/Info.plist;
				INFOPLIST_KEY_UIApplicationSupportsIndirectInputEvents = YES;
				INFOPLIST_KEY_UILaunchStoryboardName = LaunchScreen;
				INFOPLIST_KEY_UIMainStoryboardFile = Main;
				INFOPLIST_KEY_UISupportedInterfaceOrientations = UIInterfaceOrientationPortrait;
				INFOPLIST_KEY_UISupportedInterfaceOrientations_iPad = "UIInterfaceOrientationPortrait UIInterfaceOrientationPortraitUpsideDown UIInterfaceOrientationLandscapeLeft UIInterfaceOrientationLandscapeRight";
				INFOPLIST_KEY_UISupportedInterfaceOrientations_iPhone = "UIInterfaceOrientationPortrait UIInterfaceOrientationLandscapeLeft UIInterfaceOrientationLandscapeRight";
				LD_RUNPATH_SEARCH_PATHS = (
					"$(inherited)",
					"@executable_path/Frameworks",
				);
				MARKETING_VERSION = 1.0;
				PRODUCT_BUNDLE_IDENTIFIER = com.StevenHill.JobApplicationTracker;
				PRODUCT_NAME = "$(TARGET_NAME)";
				SWIFT_EMIT_LOC_STRINGS = YES;
				SWIFT_VERSION = 5.0;
				TARGETED_DEVICE_FAMILY = "1,2";
			};
			name = Release;
		};
/* End XCBuildConfiguration section */

/* Begin XCConfigurationList section */
		5BE61B53289BEF1B00E52564 /* Build configuration list for PBXProject "JobApplicationTracker" */ = {
			isa = XCConfigurationList;
			buildConfigurations = (
				5BE61B6A289BEF1D00E52564 /* Debug */,
				5BE61B6B289BEF1D00E52564 /* Release */,
			);
			defaultConfigurationIsVisible = 0;
			defaultConfigurationName = Release;
		};
		5BE61B6C289BEF1D00E52564 /* Build configuration list for PBXNativeTarget "JobApplicationTracker" */ = {
			isa = XCConfigurationList;
			buildConfigurations = (
				5BE61B6D289BEF1D00E52564 /* Debug */,
				5BE61B6E289BEF1D00E52564 /* Release */,
			);
			defaultConfigurationIsVisible = 0;
			defaultConfigurationName = Release;
		};
/* End XCConfigurationList section */

/* Begin XCVersionGroup section */
		5BE9BC7C28EF154B0017B000 /* JobApplicationTrackerModel.xcdatamodeld */ = {
			isa = XCVersionGroup;
			children = (
				5BE9BC7D28EF154B0017B000 /* JobApplicationTrackerModel.xcdatamodel */,
			);
			currentVersion = 5BE9BC7D28EF154B0017B000 /* JobApplicationTrackerModel.xcdatamodel */;
			path = JobApplicationTrackerModel.xcdatamodeld;
			sourceTree = "<group>";
			versionGroupType = wrapper.xcdatamodel;
		};
/* End XCVersionGroup section */
	};
	rootObject = 5BE61B50289BEF1B00E52564 /* Project object */;
}
